{
  "version": "4",
  "specifiers": {
    "jsr:@anywidget/deno@~0.2.3": "0.2.3",
    "jsr:@manzt/jupyter-helper@*": "0.0.4",
    "jsr:@std/encoding@^1.0.7": "1.0.9",
    "npm:linkedom@~0.18.9": "0.18.9",
    "npm:react-dom@19": "19.1.0_react@19.1.0"
  },
  "jsr": {
    "@anywidget/deno@0.2.3": {
      "integrity": "6a6ae1cdc47d76b5d934da8883ce8ab420dc915c041d3663f224ff931eece25f"
    },
    "@manzt/jupyter-helper@0.0.4": {
      "integrity": "d88d7743e856441c0b46abcd9298682868b9f2db1212f1613a626474580fbe9b",
      "dependencies": [
        "jsr:@anywidget/deno",
        "jsr:@std/encoding",
        "npm:linkedom",
        "npm:react-dom"
      ]
    },
    "@std/encoding@1.0.9": {
      "integrity": "025b8f18eb1749bc30d1353bf48b77d1eb5e35610220fa226f5a046b9240c5d7"
    }
  },
  "npm": {
    "boolbase@1.0.0": {
      "integrity": "sha512-JZOSA7Mo9sNGB8+UjSgzdLtokWAky1zbztM3WRLCbZ70/3cTANmQmOdR7y2g+J0e2WXywy1yS468tY+IruqEww=="
    },
    "css-select@5.1.0": {
      "integrity": "sha512-nwoRF1rvRRnnCqqY7updORDsuqKzqYJ28+oSMaJMMgOauh3fvwHqMS7EZpIPqK8GL+g9mKxF1vP/ZjSeNjEVHg==",
      "dependencies": [
        "boolbase",
        "css-what",
        "domhandler",
        "domutils",
        "nth-check"
      ]
    },
    "css-what@6.1.0": {
      "integrity": "sha512-HTUrgRJ7r4dsZKU6GjmpfRK1O76h97Z8MfS1G0FozR+oF2kG6Vfe8JE6zwrkbxigziPHinCJ+gCPjA9EaBDtRw=="
    },
    "cssom@0.5.0": {
      "integrity": "sha512-iKuQcq+NdHqlAcwUY0o/HL69XQrUaQdMjmStJ8JFmUaiiQErlhrmuigkg/CU4E2J0IyUKUrMAgl36TvN67MqTw=="
    },
    "dom-serializer@2.0.0": {
      "integrity": "sha512-wIkAryiqt/nV5EQKqQpo3SToSOV9J0DnbJqwK7Wv/Trc92zIAYZ4FlMu+JPFW1DfGFt81ZTCGgDEabffXeLyJg==",
      "dependencies": [
        "domelementtype",
        "domhandler",
        "entities@4.5.0"
      ]
    },
    "domelementtype@2.3.0": {
      "integrity": "sha512-OLETBj6w0OsagBwdXnPdN0cnMfF9opN69co+7ZrbfPGrdpPVNBUj02spi6B1N7wChLQiPn4CSH/zJvXw56gmHw=="
    },
    "domhandler@5.0.3": {
      "integrity": "sha512-cgwlv/1iFQiFnU96XXgROh8xTeetsnJiDsTc7TYCLFd9+/WNkIqPTxiM/8pSd8VIrhXGTf1Ny1q1hquVqDJB5w==",
      "dependencies": [
        "domelementtype"
      ]
    },
    "domutils@3.2.2": {
      "integrity": "sha512-6kZKyUajlDuqlHKVX1w7gyslj9MPIXzIFiz/rGu35uC1wMi+kMhQwGhl4lt9unC9Vb9INnY9Z3/ZA3+FhASLaw==",
      "dependencies": [
        "dom-serializer",
        "domelementtype",
        "domhandler"
      ]
    },
    "entities@4.5.0": {
      "integrity": "sha512-V0hjH4dGPh9Ao5p0MoRY6BVqtwCjhz6vI5LT8AJ55H+4g9/4vbHx1I54fS0XuclLhDHArPQCiMjDxjaL8fPxhw=="
    },
    "entities@6.0.0": {
      "integrity": "sha512-aKstq2TDOndCn4diEyp9Uq/Flu2i1GlLkc6XIDQSDMuaFE3OPW5OphLCyQ5SpSJZTb4reN+kTcYru5yIfXoRPw=="
    },
    "html-escaper@3.0.3": {
      "integrity": "sha512-RuMffC89BOWQoY0WKGpIhn5gX3iI54O6nRA0yC124NYVtzjmFWBIiFd8M0x+ZdX0P9R4lADg1mgP8C7PxGOWuQ=="
    },
    "htmlparser2@10.0.0": {
      "integrity": "sha512-TwAZM+zE5Tq3lrEHvOlvwgj1XLWQCtaaibSN11Q+gGBAS7Y1uZSWwXXRe4iF6OXnaq1riyQAPFOBtYc77Mxq0g==",
      "dependencies": [
        "domelementtype",
        "domhandler",
        "domutils",
        "entities@6.0.0"
      ]
    },
    "linkedom@0.18.9": {
      "integrity": "sha512-Pfvhwjs46nBrcQdauQjMXDJZqj6VwN7KStT84xQqmIgD9bPH6UVJ/ESW8y4VHVF2h7di0/P+f4Iln4U5emRcmg==",
      "dependencies": [
        "css-select",
        "cssom",
        "html-escaper",
        "htmlparser2",
        "uhyphen"
      ]
    },
    "nth-check@2.1.1": {
      "integrity": "sha512-lqjrjmaOoAnWfMmBPL+XNnynZh2+swxiX3WUE0s4yEHI6m+AwrK2UZOimIRl3X/4QctVqS8AiZjFqyOGrMXb/w==",
      "dependencies": [
        "boolbase"
      ]
    },
    "react-dom@19.1.0_react@19.1.0": {
      "integrity": "sha512-Xs1hdnE+DyKgeHJeJznQmYMIBG3TKIHJJT95Q58nHLSrElKlGQqDTR2HQ9fx5CN/Gk6Vh/kupBTDLU11/nDk/g==",
      "dependencies": [
        "react",
        "scheduler"
      ]
    },
    "react@19.1.0": {
      "integrity": "sha512-FS+XFBNvn3GTAWq26joslQgWNoFu08F4kl0J4CgdNKADkdSGXQyTCnKteIAJy96Br6YbpEU1LSzV5dYtjMkMDg=="
    },
    "scheduler@0.26.0": {
      "integrity": "sha512-NlHwttCI/l5gCPR3D1nNXtWABUmBwvZpEQiD4IXSbIDq8BzLIK/7Ir5gTFSGZDUu37K5cMNp0hFtzO38sC7gWA=="
    },
    "uhyphen@0.2.0": {
      "integrity": "sha512-qz3o9CHXmJJPGBdqzab7qAYuW8kQGKNEuoHFYrBwV6hWIMcpAmxDLXojcHfFr9US1Pe6zUswEIJIbLI610fuqA=="
    }
  },
  "redirects": {
    "https://esm.sh/@apollo/client/core?pin=v3.9.9": "https://esm.sh/@apollo/client@3.13.6/core?pin=v3.9.9",
    "https://esm.sh/@observablehq/plot": "https://esm.sh/@observablehq/plot@0.6.17",
    "https://esm.sh/@wry/caches@^1.0.0?target=denonext": "https://esm.sh/@wry/caches@1.0.1?target=denonext",
    "https://esm.sh/@wry/context@^0.7.0?target=denonext": "https://esm.sh/@wry/context@0.7.4?target=denonext",
    "https://esm.sh/@wry/equality@^0.5.6?target=denonext": "https://esm.sh/@wry/equality@0.5.7?target=denonext",
    "https://esm.sh/@wry/trie@^0.5.0?target=denonext": "https://esm.sh/@wry/trie@0.5.0?target=denonext",
    "https://esm.sh/binary-search-bounds@^2.0.0?target=denonext": "https://esm.sh/binary-search-bounds@2.0.5?target=denonext",
    "https://esm.sh/d3-array@3?target=denonext": "https://esm.sh/d3-array@3.2.4?target=denonext",
    "https://esm.sh/d3-array@^3.2.0?target=denonext": "https://esm.sh/d3-array@3.2.4?target=denonext",
    "https://esm.sh/d3-array@^3.2.4?target=denonext": "https://esm.sh/d3-array@3.2.4?target=denonext",
    "https://esm.sh/d3-axis@3?target=denonext": "https://esm.sh/d3-axis@3.0.0?target=denonext",
    "https://esm.sh/d3-brush@3?target=denonext": "https://esm.sh/d3-brush@3.0.0?target=denonext",
    "https://esm.sh/d3-chord@3?target=denonext": "https://esm.sh/d3-chord@3.0.1?target=denonext",
    "https://esm.sh/d3-color@3?target=denonext": "https://esm.sh/d3-color@3.1.0?target=denonext",
    "https://esm.sh/d3-color@^3.1.0?target=denonext": "https://esm.sh/d3-color@3.1.0?target=denonext",
    "https://esm.sh/d3-contour@4?target=denonext": "https://esm.sh/d3-contour@4.0.2?target=denonext",
    "https://esm.sh/d3-delaunay@6?target=denonext": "https://esm.sh/d3-delaunay@6.0.4?target=denonext",
    "https://esm.sh/d3-dispatch@3?target=denonext": "https://esm.sh/d3-dispatch@3.0.1?target=denonext",
    "https://esm.sh/d3-dispatch@^3.0.1?target=denonext": "https://esm.sh/d3-dispatch@3.0.1?target=denonext",
    "https://esm.sh/d3-drag@3?target=denonext": "https://esm.sh/d3-drag@3.0.0?target=denonext",
    "https://esm.sh/d3-drag@^3.0.0?target=denonext": "https://esm.sh/d3-drag@3.0.0?target=denonext",
    "https://esm.sh/d3-dsv@3?target=denonext": "https://esm.sh/d3-dsv@3.0.1?target=denonext",
    "https://esm.sh/d3-dsv@^3.0.1?target=denonext": "https://esm.sh/d3-dsv@3.0.1?target=denonext",
    "https://esm.sh/d3-ease@3?target=denonext": "https://esm.sh/d3-ease@3.0.1?target=denonext",
    "https://esm.sh/d3-ease@^3.0.1?target=denonext": "https://esm.sh/d3-ease@3.0.1?target=denonext",
    "https://esm.sh/d3-fetch@3?target=denonext": "https://esm.sh/d3-fetch@3.0.1?target=denonext",
    "https://esm.sh/d3-force@3?target=denonext": "https://esm.sh/d3-force@3.0.0?target=denonext",
    "https://esm.sh/d3-format@3?target=denonext": "https://esm.sh/d3-format@3.1.0?target=denonext",
    "https://esm.sh/d3-format@^3.1.0?target=denonext": "https://esm.sh/d3-format@3.1.0?target=denonext",
    "https://esm.sh/d3-geo@3?target=denonext": "https://esm.sh/d3-geo@3.1.1?target=denonext",
    "https://esm.sh/d3-hierarchy@3?target=denonext": "https://esm.sh/d3-hierarchy@3.1.2?target=denonext",
    "https://esm.sh/d3-interpolate@3?target=denonext": "https://esm.sh/d3-interpolate@3.0.1?target=denonext",
    "https://esm.sh/d3-interpolate@^3.0.1?target=denonext": "https://esm.sh/d3-interpolate@3.0.1?target=denonext",
    "https://esm.sh/d3-path@3?target=denonext": "https://esm.sh/d3-path@3.1.0?target=denonext",
    "https://esm.sh/d3-path@^3.1.0?target=denonext": "https://esm.sh/d3-path@3.1.0?target=denonext",
    "https://esm.sh/d3-polygon@3?target=denonext": "https://esm.sh/d3-polygon@3.0.1?target=denonext",
    "https://esm.sh/d3-quadtree@3?target=denonext": "https://esm.sh/d3-quadtree@3.0.1?target=denonext",
    "https://esm.sh/d3-quadtree@^3.0.1?target=denonext": "https://esm.sh/d3-quadtree@3.0.1?target=denonext",
    "https://esm.sh/d3-random@3?target=denonext": "https://esm.sh/d3-random@3.0.1?target=denonext",
    "https://esm.sh/d3-scale-chromatic@3?target=denonext": "https://esm.sh/d3-scale-chromatic@3.1.0?target=denonext",
    "https://esm.sh/d3-scale@4?target=denonext": "https://esm.sh/d3-scale@4.0.2?target=denonext",
    "https://esm.sh/d3-selection@3?target=denonext": "https://esm.sh/d3-selection@3.0.0?target=denonext",
    "https://esm.sh/d3-selection@^3.0.0?target=denonext": "https://esm.sh/d3-selection@3.0.0?target=denonext",
    "https://esm.sh/d3-shape@3?target=denonext": "https://esm.sh/d3-shape@3.2.0?target=denonext",
    "https://esm.sh/d3-time-format@4?target=denonext": "https://esm.sh/d3-time-format@4.1.0?target=denonext",
    "https://esm.sh/d3-time-format@^4.1.0?target=denonext": "https://esm.sh/d3-time-format@4.1.0?target=denonext",
    "https://esm.sh/d3-time@3?target=denonext": "https://esm.sh/d3-time@3.1.0?target=denonext",
    "https://esm.sh/d3-time@^3.1.0?target=denonext": "https://esm.sh/d3-time@3.1.0?target=denonext",
    "https://esm.sh/d3-timer@3?target=denonext": "https://esm.sh/d3-timer@3.0.1?target=denonext",
    "https://esm.sh/d3-timer@^3.0.1?target=denonext": "https://esm.sh/d3-timer@3.0.1?target=denonext",
    "https://esm.sh/d3-transition@3?target=denonext": "https://esm.sh/d3-transition@3.0.1?target=denonext",
    "https://esm.sh/d3-transition@^3.0.1?target=denonext": "https://esm.sh/d3-transition@3.0.1?target=denonext",
    "https://esm.sh/d3-zoom@3?target=denonext": "https://esm.sh/d3-zoom@3.0.0?target=denonext",
    "https://esm.sh/d3@^7.9.0?target=denonext": "https://esm.sh/d3@7.9.0?target=denonext",
    "https://esm.sh/delaunator@5?target=denonext": "https://esm.sh/delaunator@5.0.1?target=denonext",
    "https://esm.sh/graphql-tag@^2.12.6?target=denonext": "https://esm.sh/graphql-tag@2.12.6?target=denonext",
    "https://esm.sh/graphql@^16.10.0?target=denonext": "https://esm.sh/graphql@16.10.0?target=denonext",
    "https://esm.sh/internmap@^2.0.3?target=denonext": "https://esm.sh/internmap@2.0.3?target=denonext",
    "https://esm.sh/interval-tree-1d@^1.0.0?target=denonext": "https://esm.sh/interval-tree-1d@1.0.4?target=denonext",
    "https://esm.sh/isoformat@^0.2.0?target=denonext": "https://esm.sh/isoformat@0.2.1?target=denonext",
    "https://esm.sh/optimism@^0.18.0?target=denonext": "https://esm.sh/optimism@0.18.1?target=denonext",
    "https://esm.sh/robust-predicates@^3.0.2?target=denonext": "https://esm.sh/robust-predicates@3.0.2?target=denonext",
    "https://esm.sh/symbol-observable@^4.0.0?target=denonext": "https://esm.sh/symbol-observable@4.0.0?target=denonext",
    "https://esm.sh/ts-invariant@^0.10.3?target=denonext": "https://esm.sh/ts-invariant@0.10.3?target=denonext",
    "https://esm.sh/tslib@^2.1.0?target=denonext": "https://esm.sh/tslib@2.8.1?target=denonext",
    "https://esm.sh/tslib@^2.3.0?target=denonext": "https://esm.sh/tslib@2.8.1?target=denonext",
    "https://esm.sh/zen-observable-ts@^1.2.5?target=denonext": "https://esm.sh/zen-observable-ts@1.2.5?target=denonext"
  },
  "remote": {
    "https://esm.sh/@apollo/client@3.13.6/core?pin=v3.9.9": "a17a5df7ed097951499856072a67835c7ce92b30aeb086793845dfc0a2720c80",
    "https://esm.sh/@apollo/client@3.13.6/denonext/core.mjs": "fbae73e16e594dacfc96f2fd5340582947e9f1d4384f539e3c4c7fa3cfba191b",
    "https://esm.sh/@observablehq/plot@0.6.17": "149de353c46a201a07c59ae27ccd92f7d7dc486785c9ef4d4df841ec778e52e1",
    "https://esm.sh/@observablehq/plot@0.6.17/denonext/plot.mjs": "54ce6bdd3f093f0e742318df612854d4df898e9d17e614d88a999f185225cd74",
    "https://esm.sh/@observablehq/plot@0.6.17/denonext/src/axes.mjs": "73e8c12f809cb1c7f2899b06f12615e0e431f90f3c12ece9b531814951973de5",
    "https://esm.sh/@observablehq/plot@0.6.17/denonext/src/channel.mjs": "6ba9898485f0ccd8c521eec119b036f389c186208b4650e699922660873e0916",
    "https://esm.sh/@observablehq/plot@0.6.17/denonext/src/context.mjs": "9b194ee12ad57408f409f572ed08ae4308941bcc0eeba42b94f7213cecd1d95a",
    "https://esm.sh/@observablehq/plot@0.6.17/denonext/src/curve.mjs": "2f3c322acc6e5428ff2227be313c2c6cb74c6d8a4f6ef152786d903b3429b039",
    "https://esm.sh/@observablehq/plot@0.6.17/denonext/src/defined.mjs": "b00cbfe2c58723c72994261629ab588655df39aed9ecc4a1665e22fe0e99eab7",
    "https://esm.sh/@observablehq/plot@0.6.17/denonext/src/dimensions.mjs": "21f2a7f9be571923a57af0a08e99c86c219dc70fc641bf4071cab348a5764f8e",
    "https://esm.sh/@observablehq/plot@0.6.17/denonext/src/facet.mjs": "c971045f4dcc2c59b48986609277eba56e337ae2814601654a664c48c1d20e1c",
    "https://esm.sh/@observablehq/plot@0.6.17/denonext/src/format.mjs": "e999986ad4932f93a21bba19ca58bda071fe0235a0f9314aa660bec3013658ab",
    "https://esm.sh/@observablehq/plot@0.6.17/denonext/src/interactions/pointer.mjs": "a46d19e40c20749e9f7d818e36b3ee14f7c457cdfdb186e601da5ad68f3786af",
    "https://esm.sh/@observablehq/plot@0.6.17/denonext/src/legends.mjs": "1bc81d9bf7d14209efcf6649bf4cb964f9047e1f2ab4649205124940acdde864",
    "https://esm.sh/@observablehq/plot@0.6.17/denonext/src/legends/ramp.mjs": "7c90c364c5e980db4264f01941d0299ea372c76bc63ea6f861081e0f78a0f68a",
    "https://esm.sh/@observablehq/plot@0.6.17/denonext/src/legends/swatches.mjs": "8064f05293d6ae344f05fd3b3b41154d7589215458d490bdfca48ed4a4958128",
    "https://esm.sh/@observablehq/plot@0.6.17/denonext/src/mark.mjs": "7493d6f94f66f7551e2415ec42ac672f5d00625bbdf89c75d9e19824b1a527ab",
    "https://esm.sh/@observablehq/plot@0.6.17/denonext/src/marker.mjs": "2c253faa79f94b481404c776c06d8056fa982fafaf526120cc70d20f02535e1b",
    "https://esm.sh/@observablehq/plot@0.6.17/denonext/src/marks/area.mjs": "3f67439c7897e825d8329dfaecd321bc645abdc7ec8d84c8547db92c5e0780ac",
    "https://esm.sh/@observablehq/plot@0.6.17/denonext/src/marks/arrow.mjs": "6e714d34d11b566c5cddb21774fc0d47fa021fa156aa7efa20469d2e88a4f2ae",
    "https://esm.sh/@observablehq/plot@0.6.17/denonext/src/marks/auto.mjs": "9d2e36a7b58bef8cae6d08df6d91313dc7fc5b679079ed8bed9e8db3eae306e8",
    "https://esm.sh/@observablehq/plot@0.6.17/denonext/src/marks/axis.mjs": "869121e49a9d013034aba7a2b352b5924ba8e86b9bdca450bbc019dc3eba62cf",
    "https://esm.sh/@observablehq/plot@0.6.17/denonext/src/marks/bar.mjs": "1ca3fc19d78c0217f98102f3f2738a30e1ebbf8d3a3fa71ed3fa2771a60debc9",
    "https://esm.sh/@observablehq/plot@0.6.17/denonext/src/marks/bollinger.mjs": "3cbc51ee92f85ea79890b5fdb6a93e933f3d4fc1ac99a19ba168a2712b734df6",
    "https://esm.sh/@observablehq/plot@0.6.17/denonext/src/marks/box.mjs": "b4a0eef926e82e02c6033a5d57b288fbf6b8bc49bd10630886bfa22f23d09f39",
    "https://esm.sh/@observablehq/plot@0.6.17/denonext/src/marks/cell.mjs": "f77e50806777f64fda1bed94bdb1fa1562f298e98c2c63c704326a0909074962",
    "https://esm.sh/@observablehq/plot@0.6.17/denonext/src/marks/contour.mjs": "94b6862d50e55c6507877b19af5a4ec734563c4326e06f8dad7a35e8af584afe",
    "https://esm.sh/@observablehq/plot@0.6.17/denonext/src/marks/crosshair.mjs": "1d340ab42f7d0104dd1e9cb13661011eb191a609dd479e04976abc672849dbd6",
    "https://esm.sh/@observablehq/plot@0.6.17/denonext/src/marks/delaunay.mjs": "21527d0a80dfbfaa28fbbaf7dcb0a3def9ccaf7f439a854ac818960cedb1a997",
    "https://esm.sh/@observablehq/plot@0.6.17/denonext/src/marks/density.mjs": "5dded5c1ebf5cc7b6ca3d1ed711c416c7e0ade45dc9981abaee9066c5675c801",
    "https://esm.sh/@observablehq/plot@0.6.17/denonext/src/marks/difference.mjs": "06f4ca80c4cecedf1566f193ad6fdfeff9812172a540c0fa14a400ff9dcd8584",
    "https://esm.sh/@observablehq/plot@0.6.17/denonext/src/marks/dot.mjs": "b00295a3f3cd5fe0ec49acb686d2869b04998da2144af03dd51654bd210bb3d5",
    "https://esm.sh/@observablehq/plot@0.6.17/denonext/src/marks/frame.mjs": "92beb807a3fc8caf8650703e79ff29bdbb3de461aa97039186a4a68ba83a0fb9",
    "https://esm.sh/@observablehq/plot@0.6.17/denonext/src/marks/geo.mjs": "39277eb5038b87a1792c46236b511a05ae49ee421982d14c89b256495e18023f",
    "https://esm.sh/@observablehq/plot@0.6.17/denonext/src/marks/hexgrid.mjs": "7ff2750d9236e787c05f3310e7c0c443ac4d9b785c1d653b4954eb50d80027b0",
    "https://esm.sh/@observablehq/plot@0.6.17/denonext/src/marks/image.mjs": "0e293ee337a7e10239f8271b0168b560aeb3cb83c8f3c08baf721e1005b1bd52",
    "https://esm.sh/@observablehq/plot@0.6.17/denonext/src/marks/line.mjs": "9b29662c60ce9e3a20ea5c7d041bd31db18e14f450a24b71ea48b7dd7633bf0d",
    "https://esm.sh/@observablehq/plot@0.6.17/denonext/src/marks/linearRegression.mjs": "4eb50966f0cbf3a8a3a8c8ea2ed08663e3c28e229a511b70fbdccf3100c79f1a",
    "https://esm.sh/@observablehq/plot@0.6.17/denonext/src/marks/link.mjs": "d05a103718ffd6824f5590c374cb09d367995273619910b29900037b53317205",
    "https://esm.sh/@observablehq/plot@0.6.17/denonext/src/marks/raster.mjs": "fc4b1c492f76b5e477bd9910dcb78e0e8a6d613420242ee23c94351d022ace82",
    "https://esm.sh/@observablehq/plot@0.6.17/denonext/src/marks/rect.mjs": "dbc3fa66a5929469530fe5dd3b55233c4264b0b3168927bac2d81eea7bbac657",
    "https://esm.sh/@observablehq/plot@0.6.17/denonext/src/marks/rule.mjs": "bf1f5bb77fb07eac7f026cedb33a18700206deac38859f7ce4dcdd4c8ea8fff7",
    "https://esm.sh/@observablehq/plot@0.6.17/denonext/src/marks/text.mjs": "8c9628986325ee29f3d2a7ca84761b36d9fca8a945b9b2cdea10a0f30729e3b7",
    "https://esm.sh/@observablehq/plot@0.6.17/denonext/src/marks/tick.mjs": "189d65359ded7f1264300260becf73ce819fe4465e94e61fac0b54111a24a68e",
    "https://esm.sh/@observablehq/plot@0.6.17/denonext/src/marks/tip.mjs": "d29e6ec07d349637ac2b2a128092b130cf152f6ec64f51e82f4f83bcdc892c5a",
    "https://esm.sh/@observablehq/plot@0.6.17/denonext/src/marks/tree.mjs": "399b38adbd0574e341f932ecb9928e84e280fc1018dd65ccc162afd0aaa1d07c",
    "https://esm.sh/@observablehq/plot@0.6.17/denonext/src/marks/vector.mjs": "b1e721c3e5077655d5c88fcedd0e4a844a892d27dbf31a98c0d4e77da000bc05",
    "https://esm.sh/@observablehq/plot@0.6.17/denonext/src/marks/waffle.mjs": "8b7eb5338374097e87b981f1bb3c7f304f3a27fe57cd5fa7ea670f50b5404ac5",
    "https://esm.sh/@observablehq/plot@0.6.17/denonext/src/math.mjs": "a31776884a2e0f61fa8e662ca2b22b384b824309bc1d56d6cd6daaefd64496ac",
    "https://esm.sh/@observablehq/plot@0.6.17/denonext/src/memoize.mjs": "52f4a99f1ebe62773ba2981eaa5964d9ee671a0ef55dd79845b95113d5caab96",
    "https://esm.sh/@observablehq/plot@0.6.17/denonext/src/options.mjs": "dca4bdce2bb17d7038ae98dcf8bd8dfaa6fd9a12d8764dfe5f5975a320dff41e",
    "https://esm.sh/@observablehq/plot@0.6.17/denonext/src/order.mjs": "879ab04111d68a29441fafb97aace17b362af78234ac7d68d0e4d4b523980243",
    "https://esm.sh/@observablehq/plot@0.6.17/denonext/src/plot.mjs": "bb6813aaf39aaafd9f206b4df927fde8722f8277a73fc06b532ef2d9b720c961",
    "https://esm.sh/@observablehq/plot@0.6.17/denonext/src/projection.mjs": "a42adb4c575f30538feeb0443abbab5ec267740acfc3db8ea883b92c797d732e",
    "https://esm.sh/@observablehq/plot@0.6.17/denonext/src/scales.mjs": "8357734fe12a5cbb9a3b4a3a2b8814f749389f9cb319b4003ba316ae6453596b",
    "https://esm.sh/@observablehq/plot@0.6.17/denonext/src/scales/diverging.mjs": "be39fd8a085d4e42a8ca3b0ef9ed15fd71c75d2eda280645230b19964e963758",
    "https://esm.sh/@observablehq/plot@0.6.17/denonext/src/scales/index.mjs": "6cbda00a5a702dce01f56db35fd63e1a4aef8e9d747fc0203c4e4582f4c8081d",
    "https://esm.sh/@observablehq/plot@0.6.17/denonext/src/scales/ordinal.mjs": "5a04be41bdd98808ce2fbe18898b7bb244249308963ef158ba519c8aa2d392b9",
    "https://esm.sh/@observablehq/plot@0.6.17/denonext/src/scales/quantitative.mjs": "f177dad9248fa33b4510fa914988f2c3fb06dd1f0439b4efd91c487cead47b20",
    "https://esm.sh/@observablehq/plot@0.6.17/denonext/src/scales/schemes.mjs": "794abd9097822cad23398fc061d30a0b709286f2e490a8e2b01aaad21aeac2f4",
    "https://esm.sh/@observablehq/plot@0.6.17/denonext/src/scales/temporal.mjs": "d42ee8742ee8f5fda0931362cc07cf6aee750fc85f05cc5f68c2bebfa0fe4454",
    "https://esm.sh/@observablehq/plot@0.6.17/denonext/src/stats.mjs": "fcbb03b708a2d5c59eaf8a587b2f18310fb0977b32754e9512a5f621ab3e2723",
    "https://esm.sh/@observablehq/plot@0.6.17/denonext/src/style.mjs": "81599a2fc5bf73dfe75f45b32e509b4e47f56f2be493aae98c78fdd6ad52baf2",
    "https://esm.sh/@observablehq/plot@0.6.17/denonext/src/symbol.mjs": "b8b6cbe9cd8293d1122192f2fed4a310627fd5e1da70eb6c4bc357617ccf448c",
    "https://esm.sh/@observablehq/plot@0.6.17/denonext/src/template.mjs": "b4c698c879b07066603fb7907cbc80a1e6d37ef10d300666152b156e17bf8022",
    "https://esm.sh/@observablehq/plot@0.6.17/denonext/src/time.mjs": "fe32c8ae0fb475d0a0874ed50ef525ce3925c301c2639f6467046ea02bc9b625",
    "https://esm.sh/@observablehq/plot@0.6.17/denonext/src/transforms/basic.mjs": "a734d6fbe4f2a98e3d911c7be8aa56c4fe5cdefd49151b35658e484979fea951",
    "https://esm.sh/@observablehq/plot@0.6.17/denonext/src/transforms/bin.mjs": "6e309f1f054185a4b3b25f2038928815777de4e15199362a3e15fe5363d03e41",
    "https://esm.sh/@observablehq/plot@0.6.17/denonext/src/transforms/centroid.mjs": "674c0b0825e09a4c8826cda38a8ba65e8b84ca7ffa7afab22ed34215a32e46a4",
    "https://esm.sh/@observablehq/plot@0.6.17/denonext/src/transforms/dodge.mjs": "35b23be7fd5a295b85ab5fa0d773a8b2aab22b6a52619ced2a1d3e22f452aa0d",
    "https://esm.sh/@observablehq/plot@0.6.17/denonext/src/transforms/exclusiveFacets.mjs": "70552dfc3671f88f5ff5c09578e41e021adc78146241044d6c98acf780b281e9",
    "https://esm.sh/@observablehq/plot@0.6.17/denonext/src/transforms/group.mjs": "595696864b23f17fcce10b395049fc9c01d505ef1377d71c56f4d238941d1bd8",
    "https://esm.sh/@observablehq/plot@0.6.17/denonext/src/transforms/hexbin.mjs": "723222e1d360fa2db69c36a739fa84f11314b165c407804fbabad3bfd95b87d5",
    "https://esm.sh/@observablehq/plot@0.6.17/denonext/src/transforms/identity.mjs": "d62990eb5d4727abb7afe6661be6397fa075a4e0e62822b8577a417d086ae8b4",
    "https://esm.sh/@observablehq/plot@0.6.17/denonext/src/transforms/inset.mjs": "98e9494c1c2e69e435208b46bf4d940b1f05410475d8729f0524fc5db0d20827",
    "https://esm.sh/@observablehq/plot@0.6.17/denonext/src/transforms/interval.mjs": "3bf1ef4ba2464a377d4f7d7de230e977a28af20d7a066de4457e8dcc08d11cd3",
    "https://esm.sh/@observablehq/plot@0.6.17/denonext/src/transforms/map.mjs": "bac891acfe06bb8c3aa23270e13becc8e4bcb0fde37a4174796e0c7660ccdf6e",
    "https://esm.sh/@observablehq/plot@0.6.17/denonext/src/transforms/normalize.mjs": "e0cc4417fe08ff86ae37ba07518f1771da635f95c162b18a8965242db111cd59",
    "https://esm.sh/@observablehq/plot@0.6.17/denonext/src/transforms/select.mjs": "164f4fad5e8ba8e6f484b8e7bf8ca98b3c1828e552b844854e91f3ffab778be0",
    "https://esm.sh/@observablehq/plot@0.6.17/denonext/src/transforms/shift.mjs": "b9f570bfe416362f6b77f4674f064086d53210b288aeb9198f9118deaa7afc9c",
    "https://esm.sh/@observablehq/plot@0.6.17/denonext/src/transforms/stack.mjs": "bcaa513d1dc0e2cc07815229495c7df3c6f3e7a551948208bdafc895e1a35dd2",
    "https://esm.sh/@observablehq/plot@0.6.17/denonext/src/transforms/tree.mjs": "a5334f41f0633dfdcf8f244798634dfdcd8f14b42d2a1a5d31cd9ff4ace347be",
    "https://esm.sh/@observablehq/plot@0.6.17/denonext/src/transforms/window.mjs": "8e74c17f282e49f802383fc3c0f88c71e335b4a274ca47e8d764861a88d4faa6",
    "https://esm.sh/@observablehq/plot@0.6.17/denonext/src/warnings.mjs": "467b6d25b57810184d20f98cc72105899c9780c3058f7cc0fd546cb39d8e3b90",
    "https://esm.sh/@wry/caches@1.0.1/denonext/caches.mjs": "8bd03a1367fe0da76831980b19fb85bba46715731f8a9d3d123c4a430b329d12",
    "https://esm.sh/@wry/caches@1.0.1?target=denonext": "903d5085ef52b469856a65875b2fc75b949d55a5642ce6ee3eb8c2e9639b85be",
    "https://esm.sh/@wry/context@0.7.4/denonext/context.mjs": "008a8e853e60405dbb9bcee923815f8b78fd868d4273ac2dc787a35a1ae05231",
    "https://esm.sh/@wry/context@0.7.4?target=denonext": "5a0bcff3436ae1aa05e3f39fce228aa1aaa52f84a296ec5f99cfac0da912175b",
    "https://esm.sh/@wry/equality@0.5.7/denonext/equality.mjs": "a60c3c008dde6055236bb0150e2ca9e16c7381ff4b52dab81bfe48d776ca23c7",
    "https://esm.sh/@wry/equality@0.5.7?target=denonext": "012d880839f414f5600e3263bcb62f73f4cfd1cbfb5ab68b0c5b29af9d4158e7",
    "https://esm.sh/@wry/trie@0.5.0/denonext/trie.mjs": "df45bb537cafa504345a6e89890585ccc73c97938a6504cdb19b3e921ce3d31e",
    "https://esm.sh/@wry/trie@0.5.0?target=denonext": "eac03c1a22707b58008a6fc5342d52d2e950c72e279e55aa64a43059a17ddf0f",
    "https://esm.sh/binary-search-bounds@2.0.5/denonext/binary-search-bounds.mjs": "d7005b759d8422009484469644352789165d3c4b23776943952fe404f8dc0852",
    "https://esm.sh/binary-search-bounds@2.0.5?target=denonext": "3a5623b75dc17ba1a5bff9bb6f9a39b4bef342101558c3a3ed61fb46016fc2d6",
    "https://esm.sh/d3-array@3.2.4/denonext/d3-array.mjs": "6519a5e73c89994e9e5b3959b717052ac2fa998e81c4b911b36f6fe3bb506798",
    "https://esm.sh/d3-array@3.2.4?target=denonext": "4266074d204ab57fcfbe3b73d6259dd41e56d864ca72d20b13e159414fe8c5f5",
    "https://esm.sh/d3-axis@3.0.0/denonext/d3-axis.mjs": "0879889007e89c7560d74a5fd3cf44953149b2e52eeca8fa31dd02a836546063",
    "https://esm.sh/d3-axis@3.0.0?target=denonext": "89942cb4476398a4a7034783ab0f709a9962dfebc076d620a7d094cd22e8a1d2",
    "https://esm.sh/d3-brush@3.0.0/denonext/d3-brush.mjs": "93983aa1a3082e986d4c520dac4dd01bea422c8216832600f9f9b21ed8ecbf5c",
    "https://esm.sh/d3-brush@3.0.0?target=denonext": "5c7b134cea714f1804b3a06be2d2b1f4bc8d0b8ca31395c27d15c88e7f052541",
    "https://esm.sh/d3-chord@3.0.1/denonext/d3-chord.mjs": "3e3e3dac3efed4b13ba24499c3354b77143279340c6f0601497a7737d1f215c9",
    "https://esm.sh/d3-chord@3.0.1?target=denonext": "f66264f495bd6773f91afd9118b0ab9aa2ec6259173f9bb447c7d6d20d7b08e8",
    "https://esm.sh/d3-color@3.1.0/denonext/d3-color.mjs": "2e852a0327b74fbcf7cafd66913833423b736b8bf2e163801e74cee61624073a",
    "https://esm.sh/d3-color@3.1.0?target=denonext": "c44248d4b33f57d8791c0994e1eee000e5bbb4a9939d11e2baf5dfa669cab805",
    "https://esm.sh/d3-contour@4.0.2/denonext/d3-contour.mjs": "bcf9b626da35f107e4facc3041bf2d03e72f537370efc3fb570a718ced22c556",
    "https://esm.sh/d3-contour@4.0.2?target=denonext": "b34e10f82344ac3944b3244bbf5bce0a3ec41878ec7bbf0397c8e1a7cba3f464",
    "https://esm.sh/d3-delaunay@6.0.4/denonext/d3-delaunay.mjs": "f8a5321a6cceb80ef22c84a702287725800796a5fae2db372b24b051e7c6aff8",
    "https://esm.sh/d3-delaunay@6.0.4?target=denonext": "d48fac58d92dc2e75f75663d504a1ae66c538aac6a88d98f4e110f6c1775f5df",
    "https://esm.sh/d3-dispatch@3.0.1/denonext/d3-dispatch.mjs": "b36be2eed6f07b517775df12bde28cb0e778b9a7df04974ce9cb99f7b322a2d6",
    "https://esm.sh/d3-dispatch@3.0.1?target=denonext": "75f32f2a0e7cdddbe15573f1a802fb6bdc46247d038a4b1a2ebde2ad86848c56",
    "https://esm.sh/d3-drag@3.0.0/denonext/d3-drag.mjs": "ae493775f072f5c3c4904b8626f32bfa2fdd3722fa6a40bfe0248c18eaeb355c",
    "https://esm.sh/d3-drag@3.0.0?target=denonext": "29c825b72b51c1c60cf5221266d2b2c4a494d25448a62af8d66a4f228957e899",
    "https://esm.sh/d3-dsv@3.0.1/denonext/d3-dsv.mjs": "81798ba83d26850ed74f8c336918d283ee2d3a9cf36cd330a35b770376fa04ef",
    "https://esm.sh/d3-dsv@3.0.1?target=denonext": "df2fe1373d8adeb64c44bd1cee552acd6a9a9b6314b2288a42679b3e6638c47f",
    "https://esm.sh/d3-ease@3.0.1/denonext/d3-ease.mjs": "11eb2e854a67df718490fa4db954afd4b361da97cef0951e9c5366bd11543c7a",
    "https://esm.sh/d3-ease@3.0.1?target=denonext": "883508b7092d05affd4b415dbb27c82b5a1585425909cb2b50e0639bc56dae41",
    "https://esm.sh/d3-fetch@3.0.1/denonext/d3-fetch.mjs": "d7a60169b862d6c02fcc29ea62daaae1ba8d99ffb54afa1abdd764b803fc7768",
    "https://esm.sh/d3-fetch@3.0.1?target=denonext": "9a374a0a621cb8f82e475a836e61f2379c7ba8294a3015ebd1fc4185b92a8eaa",
    "https://esm.sh/d3-force@3.0.0/denonext/d3-force.mjs": "daa176ee52b7f8f113d4b0c5e31b95bd99b0cd0cd66ca5c7445ab4bdf7c5cb71",
    "https://esm.sh/d3-force@3.0.0?target=denonext": "1a35f3dd1ff127dc27f2b009574d90304693b0a516eac9583df8d0333d61fd8e",
    "https://esm.sh/d3-format@3.1.0/denonext/d3-format.mjs": "de06e6fe57436ec84c146e27a2ccaf444fc5dab14b091afe1e95d985bdfd8219",
    "https://esm.sh/d3-format@3.1.0/denonext/src/defaultLocale.mjs": "dfb5be55e86889631b0db011102c240ff60900347f80df21fe4d9d88ad9d2f06",
    "https://esm.sh/d3-format@3.1.0/denonext/src/exponent.mjs": "3fabc54097b16d594809a42288cbbbb9e3f0b26e88c83633cae2ead4b858e7d4",
    "https://esm.sh/d3-format@3.1.0/denonext/src/formatDecimal.mjs": "22184045739a8af17838956f85c7b747c4b8ad4e744e338d721a96a25c1805a4",
    "https://esm.sh/d3-format@3.1.0/denonext/src/formatGroup.mjs": "bbbcd628338ae27949817f50b2fef27ec808eacbbbc022cb29d62892cc778195",
    "https://esm.sh/d3-format@3.1.0/denonext/src/formatNumerals.mjs": "546ae2fd688a53c7cab1048cc3a4d8e1f9f64546a0d8021e061bc6f30b997d0a",
    "https://esm.sh/d3-format@3.1.0/denonext/src/formatPrefixAuto.mjs": "d4058419991cfc1ff535c5d2c3e556788d935ae9d886e174a306168cb9476cb8",
    "https://esm.sh/d3-format@3.1.0/denonext/src/formatRounded.mjs": "3fe4e8c81bc53cc82ba22564eca9b51f10e59c2a6028b6bf53a24884d9200925",
    "https://esm.sh/d3-format@3.1.0/denonext/src/formatSpecifier.mjs": "d0fce28aa8ff576e938c0817f18ca2e5824fa9a29ec3443fab92851472efac27",
    "https://esm.sh/d3-format@3.1.0/denonext/src/formatTrim.mjs": "bc4bad9a5827dec90c64557083eada6653ef531c64699eec4b8fc4d2fef4f69b",
    "https://esm.sh/d3-format@3.1.0/denonext/src/formatTypes.mjs": "3556878fb52315588adb3c8eb91e16c98e7d91371ece737121f52143a0e7304b",
    "https://esm.sh/d3-format@3.1.0/denonext/src/identity.mjs": "1a5237ada3ebfa0877cfd22b0d61bd5e90177879e0b9bcb31f72f4959ccdce3f",
    "https://esm.sh/d3-format@3.1.0/denonext/src/locale.mjs": "18051fb152a9f4f33bbdb54249bfcee67126a47dfe469fd54c44e108b6b13ba9",
    "https://esm.sh/d3-format@3.1.0/denonext/src/precisionFixed.mjs": "9db700a7ea53bd880348a5c26c89c9536a724c892cd7cb153ef2133e6d7bcc34",
    "https://esm.sh/d3-format@3.1.0/denonext/src/precisionPrefix.mjs": "98157877e57a9ec2470e574c5cceb12da5e3344e0425e30aa9b19da6a8a6ff7b",
    "https://esm.sh/d3-format@3.1.0/denonext/src/precisionRound.mjs": "5ed90c6636ea737e6bc1d522eb4ba60fc389ba6535dcb0c64112bf8ef843d21d",
    "https://esm.sh/d3-format@3.1.0?target=denonext": "c0d64767d08d2e6bc97243e6ceaa1f833f6b172ab8a0173e27ab11466c546aea",
    "https://esm.sh/d3-geo@3.1.1/denonext/d3-geo.mjs": "c98c715c798ead807108505d44119407cc2c574bd9fd94c1d7594d4dfe1972d5",
    "https://esm.sh/d3-geo@3.1.1?target=denonext": "67851d96be856de5fc4629f04304599d0632e5f9eaaa04501a70c01c58e59828",
    "https://esm.sh/d3-hierarchy@3.1.2/denonext/d3-hierarchy.mjs": "d6bcec79fdbbb7fde8ae5efc37f08dcd3f92a46f1a8a3026faaade3a48c212fb",
    "https://esm.sh/d3-hierarchy@3.1.2?target=denonext": "41ed0806cba567d4cf8a5d84e2a8da7c5fc480f9b1b296e9cc8955d0aac46aef",
    "https://esm.sh/d3-interpolate@3.0.1/denonext/d3-interpolate.mjs": "32e4fd3b94b318bce3c39726e50cbeff6e475e989cccb24072a6331cc2fbef6f",
    "https://esm.sh/d3-interpolate@3.0.1?target=denonext": "d919d1489c7be9cc2f235b39de7b446c77c912c4069d0cf1ca0a90379cce2968",
    "https://esm.sh/d3-path@3.1.0/denonext/d3-path.mjs": "d79581e49a2f7dc620bfc74299b070d858b012456752da7f12315202a4ba7184",
    "https://esm.sh/d3-path@3.1.0?target=denonext": "0efef59a6e67de9fe8cf8053cada892ab342eda9820e5061677c75391a11ef2e",
    "https://esm.sh/d3-polygon@3.0.1/denonext/d3-polygon.mjs": "b8ac2dc06dc6e205406ea4d63ba62b1c1566bbc402956d35b930a9ee2dff497a",
    "https://esm.sh/d3-polygon@3.0.1?target=denonext": "3fb014bd89920b708249c951d9142f1dd8a7f5c93c655e32b30e8899aae57d94",
    "https://esm.sh/d3-quadtree@3.0.1/denonext/d3-quadtree.mjs": "63669e70a8b12b5b242985137283e55688903456bd96757970835edeb6830d81",
    "https://esm.sh/d3-quadtree@3.0.1?target=denonext": "d820b5c5854cf78dfd2793468094f5bb2c55c51b1d890f8503f02f980685fcd7",
    "https://esm.sh/d3-random@3.0.1/denonext/d3-random.mjs": "744e3bd80726e57cb2567715a1dab78f18c8f7c1c9d9bdbfc0ad195d79f6814a",
    "https://esm.sh/d3-random@3.0.1?target=denonext": "b06c7fbbeba09f766b0084b8fcb3ba5204f10a251f3953b8cc114f88c2131f32",
    "https://esm.sh/d3-scale-chromatic@3.1.0/denonext/d3-scale-chromatic.mjs": "08342f70bf86d6e237b6c8fe01e8de4de5ea01f4b75697365766cb9dea3c4459",
    "https://esm.sh/d3-scale-chromatic@3.1.0?target=denonext": "8cddeaf82214dbde006b6bdabb038765d5f501bac05f05349e59070b22f806ce",
    "https://esm.sh/d3-scale@4.0.2/denonext/d3-scale.mjs": "1115950dd06d8026626e11229c846375f294a1cd1bd7f741b93c0dcb8fb0780a",
    "https://esm.sh/d3-scale@4.0.2?target=denonext": "f4225cdaa2d020f7ec7785a3e984c20b81f3022097a4b440e50c7825d916afa1",
    "https://esm.sh/d3-selection@3.0.0/denonext/d3-selection.mjs": "30a02b070b81648883d6ea5c893cdccec5add15a803351108e66a897e24aa126",
    "https://esm.sh/d3-selection@3.0.0?target=denonext": "996ecb6a540d57da331d836611fe42cb10b9df82633a04f4ddc1528e566384a6",
    "https://esm.sh/d3-shape@3.2.0/denonext/d3-shape.mjs": "650a67568928c8bcd1983a48623dae723c2ce2e009b5553d9567043046ff6ad6",
    "https://esm.sh/d3-shape@3.2.0?target=denonext": "08207dbafaa679cbc1346c3c290cf3a179a32b029b5e958639ede04881285133",
    "https://esm.sh/d3-time-format@4.1.0/denonext/d3-time-format.mjs": "6439e52bacb8523679a21f687afcf00053a5fd746f0082029623fdceed767ae4",
    "https://esm.sh/d3-time-format@4.1.0/denonext/src/defaultLocale.mjs": "b9454dea3f10f2b51d249f5f1a8b19873afe8acbbdf119188854e99f22a809ec",
    "https://esm.sh/d3-time-format@4.1.0/denonext/src/isoFormat.mjs": "935278d7dd8b2d40cebb6c31abd772c05f26172bff30b7b456cf05c8f899007d",
    "https://esm.sh/d3-time-format@4.1.0/denonext/src/isoParse.mjs": "f4e93c15fa87c3862711cfdeb172b12a727795be94982e328d245a31d599557c",
    "https://esm.sh/d3-time-format@4.1.0/denonext/src/locale.mjs": "ac17c35b00d95a540a6a66e38db2da9bbbe5b1f706be8b54409652b58d5b12b2",
    "https://esm.sh/d3-time-format@4.1.0?target=denonext": "91bddb03aa47c57dbc225451934b777c80e911c93b82c2923a8b875c4b50da0d",
    "https://esm.sh/d3-time@3.1.0/denonext/d3-time.mjs": "019824f1ffdc1e494d992d20c009387eb07d06985b13af28127ded7c76969ba4",
    "https://esm.sh/d3-time@3.1.0?target=denonext": "39f91af316d7e080e5294c8e989c2193cf0179120f3b83c39aa19b9eb0cabc16",
    "https://esm.sh/d3-timer@3.0.1/denonext/d3-timer.mjs": "eb0b5bf822496c4aad63d2ca4832ec29c8a015467f5a685184bec78d2e3e5003",
    "https://esm.sh/d3-timer@3.0.1?target=denonext": "5ee90bdf7721811a8f2020e3779e994dfe881d0c8db53e4ea0f535a032516bc1",
    "https://esm.sh/d3-transition@3.0.1/denonext/d3-transition.mjs": "40c1829279c1e22adef34c08359a15acb842d3d1e89bced62bfea63ef24506a6",
    "https://esm.sh/d3-transition@3.0.1/denonext/src/active.mjs": "bdea583710643dc4f4b33d1ee297430d8faf5bee9b407fa96c66a4cc55c7462e",
    "https://esm.sh/d3-transition@3.0.1/denonext/src/interrupt.mjs": "d4240ac7388fac8a77ca3e6529050cf9a4f74f059c44593dc011c2880fc9f7ad",
    "https://esm.sh/d3-transition@3.0.1/denonext/src/selection/index.mjs": "27be7ae2c6c04a46589350dbdd5eb3654e5558112480fc7b7d8485b9e6797251",
    "https://esm.sh/d3-transition@3.0.1/denonext/src/selection/interrupt.mjs": "a6e1280e94ee129e8896e0bfe6b6e828af669f5735d348effb98c42597355e68",
    "https://esm.sh/d3-transition@3.0.1/denonext/src/selection/transition.mjs": "cc022280f24abe8390470ae8b2abcbd201eab6e6978d9946baffc520a46443b7",
    "https://esm.sh/d3-transition@3.0.1/denonext/src/transition/attr.mjs": "eba85bf7df9dede5057edacee1365a2652e17976c455de3c3ec2e51ea0ec1adc",
    "https://esm.sh/d3-transition@3.0.1/denonext/src/transition/attrTween.mjs": "5d6d4b80de54fb5eb3ea3d9a87d2fb9a65b4b0b0eef04f804435fc69214ce18e",
    "https://esm.sh/d3-transition@3.0.1/denonext/src/transition/delay.mjs": "eeba33911af8a682f437c8c6f7b1cb9cf67ad2d346ea28583d0bfc27ade881f5",
    "https://esm.sh/d3-transition@3.0.1/denonext/src/transition/duration.mjs": "94d8cbe2fc9b4cf6aadde6827e89dea5c4cac38f6b6670cb2ab58a016bce3539",
    "https://esm.sh/d3-transition@3.0.1/denonext/src/transition/ease.mjs": "db708e74f6482be87c4b0e85be9f1ae844b49e21dada86b5c769d31f748f06a2",
    "https://esm.sh/d3-transition@3.0.1/denonext/src/transition/easeVarying.mjs": "4fefb1f53e2f41566fe945bb1adf63ddb35d1dead7a84d2a7ade71897b340686",
    "https://esm.sh/d3-transition@3.0.1/denonext/src/transition/end.mjs": "46df634655e3f886a7ffea2e53e52042e558cda608d47daae15973b7a722ed85",
    "https://esm.sh/d3-transition@3.0.1/denonext/src/transition/filter.mjs": "c12d3f0b2d06cc1cee4f13442b4d59e8a8bf60a715b678d9c41bb34cc3532a34",
    "https://esm.sh/d3-transition@3.0.1/denonext/src/transition/index.mjs": "9b73338b37daacaf10155cba975f5ddefef1e8117848cab5e7bcadc480909117",
    "https://esm.sh/d3-transition@3.0.1/denonext/src/transition/interpolate.mjs": "d604d3a8f3de20d06a80dd20956d6688deda404687424bd3109615789830d99a",
    "https://esm.sh/d3-transition@3.0.1/denonext/src/transition/merge.mjs": "3c252ac1c3430e3d8c04fab5c23691e3a78bad5950e643bf652e4c5fe9186468",
    "https://esm.sh/d3-transition@3.0.1/denonext/src/transition/on.mjs": "e1bcef98109504ed44956f391b3afaa6e04f7df437cf725297637cccc26bf7a1",
    "https://esm.sh/d3-transition@3.0.1/denonext/src/transition/remove.mjs": "065a82c67edc8771d769f1ad4621d5cb5eb83de4d0c5203c38591ff70d4f46fb",
    "https://esm.sh/d3-transition@3.0.1/denonext/src/transition/schedule.mjs": "5c3d045875cabfb891f35e4524c4a6e8a4c8a7c3cc6b415036a4cab066ad3602",
    "https://esm.sh/d3-transition@3.0.1/denonext/src/transition/select.mjs": "f3d4e545a968cef6325265455da8d7b3e6b93eda464f1c62db2f22b21cb124ad",
    "https://esm.sh/d3-transition@3.0.1/denonext/src/transition/selectAll.mjs": "89295a8e11ae5df83807fee69e54f6d17b3533946b394a6e7b8a6ff37d6243bd",
    "https://esm.sh/d3-transition@3.0.1/denonext/src/transition/selection.mjs": "526f1fc248af9bb7fea4a83afa2df826777d907a7954ccf6933aa8f129c920bd",
    "https://esm.sh/d3-transition@3.0.1/denonext/src/transition/style.mjs": "0252599dd1c9ffbfbe786628aa0c756920ec4fbc2d7c216db9584523fdba56a7",
    "https://esm.sh/d3-transition@3.0.1/denonext/src/transition/styleTween.mjs": "91a5b25452bb0820359e46375354c8181308a4af3a9de58c2f8f312505547b24",
    "https://esm.sh/d3-transition@3.0.1/denonext/src/transition/text.mjs": "966e7c6d1a690f04dad423d21d6f74c1df6a1297a605246dc919948f8fbdb88c",
    "https://esm.sh/d3-transition@3.0.1/denonext/src/transition/textTween.mjs": "983044733a34e55638f2c5bb8a26e43600d2af1716b5f2d126152524b82c63e2",
    "https://esm.sh/d3-transition@3.0.1/denonext/src/transition/transition.mjs": "e5ed06fdf29dbca99ceb88eedc5031046123d438806864d590eb6bf5d7cba271",
    "https://esm.sh/d3-transition@3.0.1/denonext/src/transition/tween.mjs": "70be47f02ef4131c680b02249900a31764adc12ce10d116a3f737ea21de2803a",
    "https://esm.sh/d3-transition@3.0.1?target=denonext": "db48c3e8ec06da8c5524fba8046bf55bfda3e99ca9ae35b31c8959435f6f4e8d",
    "https://esm.sh/d3-zoom@3.0.0/denonext/d3-zoom.mjs": "d102da469b1db4f35764f70d999056a01a76f5f3ef8466145c5bbb2a917cbde3",
    "https://esm.sh/d3-zoom@3.0.0?target=denonext": "185e67e9496ad03ad2e15a289f226c45ea3cc69f9d54cfe2420695415f8de2de",
    "https://esm.sh/d3@7.9.0/denonext/d3.mjs": "341e8d45b270f6ecfc253ec87f042eca72d96e421fd441977ecb99af85b1d8b6",
    "https://esm.sh/d3@7.9.0?target=denonext": "0f484f45fb5563b95c89bdecd8e4805fe307f1ceb5baab41ac635abc3d048faa",
    "https://esm.sh/delaunator@5.0.1/denonext/delaunator.mjs": "94a8e377c1565641c032ebfe7ffb44d64e7793c7b6d667cb2291e21fa08c92a7",
    "https://esm.sh/delaunator@5.0.1?target=denonext": "43d70b1ebc31c77db7943e27d277762c97a2ec72b9449acee66b5efacdb91523",
    "https://esm.sh/graphql-tag@2.12.6/denonext/graphql-tag.mjs": "d5bae371b9acdf145e20de26f5626921e7947137850c18e4de1f1de27d1754cd",
    "https://esm.sh/graphql-tag@2.12.6?target=denonext": "175a3c9d5946bb2eaf13cbfee552504046357c5c10fd494f4709cb499b233870",
    "https://esm.sh/graphql@16.10.0/denonext/graphql.mjs": "e225c9489f43278fb91f1e2a13da2160171c77e7a42a61dea905af789ae98acd",
    "https://esm.sh/graphql@16.10.0?target=denonext": "ddcdb4fc58274fd45e4c4514f518457739d2831b5be14eea755d0efbbd1a83c0",
    "https://esm.sh/internmap@2.0.3/denonext/internmap.mjs": "09707265c3a24383ca1b71aa6d97ab980e91ad4e804f55dec34de6d24a9900b4",
    "https://esm.sh/internmap@2.0.3?target=denonext": "235fe2491d38df4060d092e8b8e882891b7bcb595435dcf9f52d7d38b6d2c534",
    "https://esm.sh/interval-tree-1d@1.0.4/denonext/interval-tree-1d.mjs": "d09561d69b4454c6b8bc2c523d59231ee25c844daa8738b7c7ae27b8ee7c56fb",
    "https://esm.sh/interval-tree-1d@1.0.4?target=denonext": "2cc5d9842ef61c4458671a185cdeb49ece6c65ad61436f151c4a08363443b05e",
    "https://esm.sh/isoformat@0.2.1/denonext/isoformat.mjs": "9482e0b4e26610bee32889e0a985ade813f36b973e89a8b11544aebf99f4b83d",
    "https://esm.sh/isoformat@0.2.1?target=denonext": "86da96af4d2df5a8555e2994784e5aa6020713f7edb6c601d97250a007ddbb31",
    "https://esm.sh/optimism@0.18.1/denonext/optimism.mjs": "23eb69935aa32aee23b6985c1d4cdeb58d34d88584b8e5d4865ea904c633e110",
    "https://esm.sh/optimism@0.18.1?target=denonext": "c123dc337d92976465943382eff46e1b606cf4ee74908803632eeeaf1f25bd8d",
    "https://esm.sh/robust-predicates@3.0.2/denonext/robust-predicates.mjs": "8333e9ebc007d4b0f6894c8cd577c0e66c5421a5b7ce8664c659e3d2143dddb2",
    "https://esm.sh/robust-predicates@3.0.2?target=denonext": "c05d88c418e0d44a5b82d29f87f5ac1d935d117fa1122989c4162204ef38f83c",
    "https://esm.sh/symbol-observable@4.0.0/denonext/symbol-observable.mjs": "058ae001aed6209343f12109224f9a304f3d1040b0069dc034f7449ce8ca554e",
    "https://esm.sh/symbol-observable@4.0.0?target=denonext": "6ebe9cef722602519072fce5ad94df2b20bb084b67d73a0d5ec1d111575cd015",
    "https://esm.sh/ts-invariant@0.10.3/denonext/ts-invariant.mjs": "832d75d773ea0c58931cfd6780933af4a10a7ff6e258629ff0be980313329d98",
    "https://esm.sh/ts-invariant@0.10.3?target=denonext": "0bf53249073479ccf28e9ae40021dafbb0fbb51339611c07057005a9cd294a6a",
    "https://esm.sh/tslib@2.8.1/denonext/tslib.mjs": "ebce3cd5facb654623020337f867b426ba95f71596ba87acc9e6c6f4e55905ca",
    "https://esm.sh/tslib@2.8.1?target=denonext": "a89cbf082a0ad54e87ea85d75e6d5492b3e2ff0c5de9e3e478206a015b3f3992",
    "https://esm.sh/zen-observable-ts@1.2.5/denonext/zen-observable-ts.mjs": "88ddd6786605531b9a7ee8b241746377c2340de3f12fd0c27d32db5966e2d577",
    "https://esm.sh/zen-observable-ts@1.2.5?target=denonext": "fb3b02abd993b2eb7bd61acfa420d9b032c9b8667c7e3a3d9641e3188fa95bb4"
  }
}
